
Microsoft Visual Studio Solution File, Format Version 12.00
# Visual Studio 15
VisualStudioVersion = 15.0.26730.10
MinimumVisualStudioVersion = 10.0.40219.1
Project("{FAE04EC0-301F-11D3-BF4B-00C04F79EFBC}") = "PangBom", "PangBom\PangBom.csproj", "{16267DF1-0530-44CF-94AF-663271F15BB2}"
EndProject
Project("{FAE04EC0-301F-11D3-BF4B-00C04F79EFBC}") = "DiceSim", "DiceSim\DiceSim.csproj", "{F657FA5E-A170-4038-BFD5-5CD91C4C55F8}"
EndProject
Project("{FAE04EC0-301F-11D3-BF4B-00C04F79EFBC}") = "Helpers", "Helpers\Helpers.csproj", "{D82B9099-D27C-4991-AF07-6293AF07C19C}"
EndProject
Project("{FAE04EC0-301F-11D3-BF4B-00C04F79EFBC}") = "GuessTheNumber", "GuessTheNumber\GuessTheNumber.csproj", "{C1302C55-94A1-4AB0-88E1-97572739DBA3}"
EndProject
Project("{FAE04EC0-301F-11D3-BF4B-00C04F79EFBC}") = "SimpleCipher", "SimpleCipher\SimpleCipher.csproj", "{91564CD9-9ACA-4E77-90FB-FCCE09AEA2BD}"
EndProject
Project("{FAE04EC0-301F-11D3-BF4B-00C04F79EFBC}") = "SimplessCipher", "SimplessCipher\SimplessCipher.csproj", "{FC1A0A7F-1D9C-4181-BA85-4E8E654408DA}"
EndProject
Project("{FAE04EC0-301F-11D3-BF4B-00C04F79EFBC}") = "Hangman", "Hangman\Hangman.csproj", "{7B16F7FB-D400-499D-B2B6-115D53279D3D}"
EndProject
Project("{FAE04EC0-301F-11D3-BF4B-00C04F79EFBC}") = "ConsoleDrawing", "ConsoleDrawing\ConsoleDrawing.csproj", "{D11A42D7-2179-4685-977C-D15841A43B63}"
EndProject
Global
	GlobalSection(SolutionConfigurationPlatforms) = preSolution
		Debug|Any CPU = Debug|Any CPU
		Release|Any CPU = Release|Any CPU
	EndGlobalSection
	GlobalSection(ProjectConfigurationPlatforms) = postSolution
		{16267DF1-0530-44CF-94AF-663271F15BB2}.Debug|Any CPU.ActiveCfg = Debug|Any CPU
		{16267DF1-0530-44CF-94AF-663271F15BB2}.Debug|Any CPU.Build.0 = Debug|Any CPU
		{16267DF1-0530-44CF-94AF-663271F15BB2}.Release|Any CPU.ActiveCfg = Release|Any CPU
		{16267DF1-0530-44CF-94AF-663271F15BB2}.Release|Any CPU.Build.0 = Release|Any CPU
		{F657FA5E-A170-4038-BFD5-5CD91C4C55F8}.Debug|Any CPU.ActiveCfg = Debug|Any CPU
		{F657FA5E-A170-4038-BFD5-5CD91C4C55F8}.Debug|Any CPU.Build.0 = Debug|Any CPU
		{F657FA5E-A170-4038-BFD5-5CD91C4C55F8}.Release|Any CPU.ActiveCfg = Release|Any CPU
		{F657FA5E-A170-4038-BFD5-5CD91C4C55F8}.Release|Any CPU.Build.0 = Release|Any CPU
		{D82B9099-D27C-4991-AF07-6293AF07C19C}.Debug|Any CPU.ActiveCfg = Debug|Any CPU
		{D82B9099-D27C-4991-AF07-6293AF07C19C}.Debug|Any CPU.Build.0 = Debug|Any CPU
		{D82B9099-D27C-4991-AF07-6293AF07C19C}.Release|Any CPU.ActiveCfg = Release|Any CPU
		{D82B9099-D27C-4991-AF07-6293AF07C19C}.Release|Any CPU.Build.0 = Release|Any CPU
		{C1302C55-94A1-4AB0-88E1-97572739DBA3}.Debug|Any CPU.ActiveCfg = Debug|Any CPU
		{C1302C55-94A1-4AB0-88E1-97572739DBA3}.Debug|Any CPU.Build.0 = Debug|Any CPU
		{C1302C55-94A1-4AB0-88E1-97572739DBA3}.Release|Any CPU.ActiveCfg = Release|Any CPU
		{C1302C55-94A1-4AB0-88E1-97572739DBA3}.Release|Any CPU.Build.0 = Release|Any CPU
		{91564CD9-9ACA-4E77-90FB-FCCE09AEA2BD}.Debug|Any CPU.ActiveCfg = Debug|Any CPU
		{91564CD9-9ACA-4E77-90FB-FCCE09AEA2BD}.Debug|Any CPU.Build.0 = Debug|Any CPU
		{91564CD9-9ACA-4E77-90FB-FCCE09AEA2BD}.Release|Any CPU.ActiveCfg = Release|Any CPU
		{91564CD9-9ACA-4E77-90FB-FCCE09AEA2BD}.Release|Any CPU.Build.0 = Release|Any CPU
		{FC1A0A7F-1D9C-4181-BA85-4E8E654408DA}.Debug|Any CPU.ActiveCfg = Debug|Any CPU
		{FC1A0A7F-1D9C-4181-BA85-4E8E654408DA}.Debug|Any CPU.Build.0 = Debug|Any CPU
		{FC1A0A7F-1D9C-4181-BA85-4E8E654408DA}.Release|Any CPU.ActiveCfg = Release|Any CPU
		{FC1A0A7F-1D9C-4181-BA85-4E8E654408DA}.Release|Any CPU.Build.0 = Release|Any CPU
		{7B16F7FB-D400-499D-B2B6-115D53279D3D}.Debug|Any CPU.ActiveCfg = Debug|Any CPU
		{7B16F7FB-D400-499D-B2B6-115D53279D3D}.Debug|Any CPU.Build.0 = Debug|Any CPU
		{7B16F7FB-D400-499D-B2B6-115D53279D3D}.Release|Any CPU.ActiveCfg = Release|Any CPU
		{7B16F7FB-D400-499D-B2B6-115D53279D3D}.Release|Any CPU.Build.0 = Release|Any CPU
		{D11A42D7-2179-4685-977C-D15841A43B63}.Debug|Any CPU.ActiveCfg = Debug|Any CPU
		{D11A42D7-2179-4685-977C-D15841A43B63}.Debug|Any CPU.Build.0 = Debug|Any CPU
		{D11A42D7-2179-4685-977C-D15841A43B63}.Release|Any CPU.ActiveCfg = Release|Any CPU
		{D11A42D7-2179-4685-977C-D15841A43B63}.Release|Any CPU.Build.0 = Release|Any CPU
	EndGlobalSection
	GlobalSection(SolutionProperties) = preSolution
		HideSolutionNode = FALSE
	EndGlobalSection
	GlobalSection(ExtensibilityGlobals) = postSolution
		SolutionGuid = {7E599E10-2934-4835-8062-F4ADF21C1605}
	EndGlobalSection
EndGlobal
